# @generated - this file is auto-generated by `mise lock` https://mise.jdx.dev/dev-tools/mise-lock.html

[[tools.bun]]
version = "1.3.10"
backend = "core:bun"

[tools.bun."platforms.linux-arm64"]
checksum = "sha256:fa5ecb25cafa8e8f5c87a0f833719d46dd0af0a86c7837d806531212d55636d3"
url = "https://github.com/oven-sh/bun/releases/download/bun-v1.3.10/bun-linux-aarch64.zip"

[tools.bun."platforms.linux-arm64-musl"]
checksum = "sha256:d2c81365a2e529b78a42330d3a0056e8dbd7896b4a6782c8e392b6532141e34d"
url = "https://github.com/oven-sh/bun/releases/download/bun-v1.3.10/bun-linux-aarch64-musl.zip"

[tools.bun."platforms.linux-x64"]
checksum = "sha256:f57bc0187e39623de716ba3a389fda5486b2d7be7131a980ba54dc7b733d2e08"
url = "https://github.com/oven-sh/bun/releases/download/bun-v1.3.10/bun-linux-x64.zip"

[tools.bun."platforms.linux-x64-baseline"]
checksum = "sha256:41201a8c5ee74a9dcbb1ce25a1104f1f929838b57a845aa78d98379b0ce7cde2"
url = "https://github.com/oven-sh/bun/releases/download/bun-v1.3.10/bun-linux-x64-baseline.zip"

[tools.bun."platforms.linux-x64-musl"]
checksum = "sha256:48a6c32277d343db0148ce066336472ffd380358a4d26bb1329714742492d824"
url = "https://github.com/oven-sh/bun/releases/download/bun-v1.3.10/bun-linux-x64-musl.zip"

[tools.bun."platforms.linux-x64-musl-baseline"]
checksum = "sha256:a7bc4cdea1ef255a83adbf39c7aafcd30e09f2b8f74deec4b10ee318bc024d1f"
url = "https://github.com/oven-sh/bun/releases/download/bun-v1.3.10/bun-linux-x64-musl-baseline.zip"

[tools.bun."platforms.macos-arm64"]
checksum = "sha256:82034e87c9d9b4398ea619aee2eed5d2a68c8157e9a6ae2d1052d84d533ccd8d"
url = "https://github.com/oven-sh/bun/releases/download/bun-v1.3.10/bun-darwin-aarch64.zip"

[tools.bun."platforms.macos-x64"]
checksum = "sha256:c1d90bf6140f20e572c473065dc6b37a4b036349b5e9e4133779cc642ad94323"
url = "https://github.com/oven-sh/bun/releases/download/bun-v1.3.10/bun-darwin-x64.zip"

[tools.bun."platforms.macos-x64-baseline"]
checksum = "sha256:f9686c4e4e760db4cde77a0f1fad05e552648b9c9cbfa4f7fc9a7ec26b9f3267"
url = "https://github.com/oven-sh/bun/releases/download/bun-v1.3.10/bun-darwin-x64-baseline.zip"

[tools.bun."platforms.windows-x64"]
checksum = "sha256:7a77b3e245e2e26965c93089a4a1332e8a326d3364c89fae1d1fd99cdd3cd73d"
url = "https://github.com/oven-sh/bun/releases/download/bun-v1.3.10/bun-windows-x64.zip"

[tools.bun."platforms.windows-x64-baseline"]
checksum = "sha256:715709c69b176e20994533d3292bd0b7c32de9c0c5575b916746ec6b2aa38346"
url = "https://github.com/oven-sh/bun/releases/download/bun-v1.3.10/bun-windows-x64-baseline.zip"

[[tools.claude]]
version = "2.1.85"
backend = "aqua:anthropics/claude-code"

[[tools.fnox]]
version = "1.12.1"
backend = "github:jdx/fnox"

[tools.fnox."platforms.linux-arm64"]
checksum = "sha256:158195c758d05684ae6e3a7c553edf4f163ac13c4466556742810220ee3866c8"
url = "https://github.com/jdx/fnox/releases/download/v1.12.1/fnox-aarch64-unknown-linux-gnu.tar.gz"
url_api = "https://api.github.com/repos/jdx/fnox/releases/assets/353421839"

[tools.fnox."platforms.linux-arm64-musl"]
checksum = "sha256:158195c758d05684ae6e3a7c553edf4f163ac13c4466556742810220ee3866c8"
url = "https://github.com/jdx/fnox/releases/download/v1.12.1/fnox-aarch64-unknown-linux-gnu.tar.gz"
url_api = "https://api.github.com/repos/jdx/fnox/releases/assets/353421839"

[tools.fnox."platforms.linux-x64"]
checksum = "sha256:0a28ae0b36584c077dfb4fe0f924246bd3787e58504732f3c7a5dbf3785e738c"
url = "https://github.com/jdx/fnox/releases/download/v1.12.1/fnox-x86_64-unknown-linux-gnu.tar.gz"
url_api = "https://api.github.com/repos/jdx/fnox/releases/assets/353421846"

[tools.fnox."platforms.linux-x64-baseline"]
checksum = "sha256:0a28ae0b36584c077dfb4fe0f924246bd3787e58504732f3c7a5dbf3785e738c"
url = "https://github.com/jdx/fnox/releases/download/v1.12.1/fnox-x86_64-unknown-linux-gnu.tar.gz"
url_api = "https://api.github.com/repos/jdx/fnox/releases/assets/353421846"

[tools.fnox."platforms.linux-x64-musl"]
checksum = "sha256:0a28ae0b36584c077dfb4fe0f924246bd3787e58504732f3c7a5dbf3785e738c"
url = "https://github.com/jdx/fnox/releases/download/v1.12.1/fnox-x86_64-unknown-linux-gnu.tar.gz"
url_api = "https://api.github.com/repos/jdx/fnox/releases/assets/353421846"

[tools.fnox."platforms.linux-x64-musl-baseline"]
checksum = "sha256:0a28ae0b36584c077dfb4fe0f924246bd3787e58504732f3c7a5dbf3785e738c"
url = "https://github.com/jdx/fnox/releases/download/v1.12.1/fnox-x86_64-unknown-linux-gnu.tar.gz"
url_api = "https://api.github.com/repos/jdx/fnox/releases/assets/353421846"

[tools.fnox."platforms.macos-arm64"]
checksum = "sha256:8dc93b9e53b81f61be5e013d6163ed40062217f69221e7cca28a45cac94797c6"
url = "https://github.com/jdx/fnox/releases/download/v1.12.1/fnox-aarch64-apple-darwin.tar.gz"
url_api = "https://api.github.com/repos/jdx/fnox/releases/assets/353421842"

[tools.fnox."platforms.macos-x64"]
checksum = "sha256:8a4409be660a8a7d62baf43b7d34ab43c53c1cf47ad296bd90b5d35cc968d9a1"
url = "https://github.com/jdx/fnox/releases/download/v1.12.1/fnox-x86_64-apple-darwin.tar.gz"
url_api = "https://api.github.com/repos/jdx/fnox/releases/assets/353421841"

[tools.fnox."platforms.macos-x64-baseline"]
checksum = "sha256:8a4409be660a8a7d62baf43b7d34ab43c53c1cf47ad296bd90b5d35cc968d9a1"
url = "https://github.com/jdx/fnox/releases/download/v1.12.1/fnox-x86_64-apple-darwin.tar.gz"
url_api = "https://api.github.com/repos/jdx/fnox/releases/assets/353421841"

[tools.fnox."platforms.windows-x64"]
checksum = "sha256:2e9cf3f4852d635f757f4216a132b32c568ebfe6af44eb3af3d326f730c721d5"
url = "https://github.com/jdx/fnox/releases/download/v1.12.1/fnox-x86_64-pc-windows-msvc.zip"
url_api = "https://api.github.com/repos/jdx/fnox/releases/assets/353421843"

[tools.fnox."platforms.windows-x64-baseline"]
checksum = "sha256:2e9cf3f4852d635f757f4216a132b32c568ebfe6af44eb3af3d326f730c721d5"
url = "https://github.com/jdx/fnox/releases/download/v1.12.1/fnox-x86_64-pc-windows-msvc.zip"
url_api = "https://api.github.com/repos/jdx/fnox/releases/assets/353421843"

[[tools.node]]
version = "22.14.0"
backend = "core:node"

[tools.node."platforms.linux-arm64"]
checksum = "sha256:8cf30ff7250f9463b53c18f89c6c606dfda70378215b2c905d0a9a8b08bd45e0"
url = "https://nodejs.org/dist/v22.14.0/node-v22.14.0-linux-arm64.tar.gz"

[tools.node."platforms.linux-arm64-musl"]
checksum = "sha256:8cf30ff7250f9463b53c18f89c6c606dfda70378215b2c905d0a9a8b08bd45e0"
url = "https://nodejs.org/dist/v22.14.0/node-v22.14.0-linux-arm64.tar.gz"

[tools.node."platforms.linux-x64"]
checksum = "sha256:9d942932535988091034dc94cc5f42b6dc8784d6366df3a36c4c9ccb3996f0c2"
url = "https://nodejs.org/dist/v22.14.0/node-v22.14.0-linux-x64.tar.gz"

[tools.node."platforms.linux-x64-baseline"]
checksum = "sha256:9d942932535988091034dc94cc5f42b6dc8784d6366df3a36c4c9ccb3996f0c2"
url = "https://nodejs.org/dist/v22.14.0/node-v22.14.0-linux-x64.tar.gz"

[tools.node."platforms.linux-x64-musl"]
checksum = "sha256:9d942932535988091034dc94cc5f42b6dc8784d6366df3a36c4c9ccb3996f0c2"
url = "https://nodejs.org/dist/v22.14.0/node-v22.14.0-linux-x64.tar.gz"

[tools.node."platforms.linux-x64-musl-baseline"]
checksum = "sha256:9d942932535988091034dc94cc5f42b6dc8784d6366df3a36c4c9ccb3996f0c2"
url = "https://nodejs.org/dist/v22.14.0/node-v22.14.0-linux-x64.tar.gz"

[tools.node."platforms.macos-arm64"]
checksum = "sha256:e9404633bc02a5162c5c573b1e2490f5fb44648345d64a958b17e325729a5e42"
url = "https://nodejs.org/dist/v22.14.0/node-v22.14.0-darwin-arm64.tar.gz"

[tools.node."platforms.macos-x64"]
checksum = "sha256:6698587713ab565a94a360e091df9f6d91c8fadda6d00f0cf6526e9b40bed250"
url = "https://nodejs.org/dist/v22.14.0/node-v22.14.0-darwin-x64.tar.gz"

[tools.node."platforms.macos-x64-baseline"]
checksum = "sha256:6698587713ab565a94a360e091df9f6d91c8fadda6d00f0cf6526e9b40bed250"
url = "https://nodejs.org/dist/v22.14.0/node-v22.14.0-darwin-x64.tar.gz"

[tools.node."platforms.windows-x64"]
checksum = "sha256:55b639295920b219bb2acbcfa00f90393a2789095b7323f79475c9f34795f217"
url = "https://nodejs.org/dist/v22.14.0/node-v22.14.0-win-x64.zip"

[tools.node."platforms.windows-x64-baseline"]
checksum = "sha256:55b639295920b219bb2acbcfa00f90393a2789095b7323f79475c9f34795f217"
url = "https://nodejs.org/dist/v22.14.0/node-v22.14.0-win-x64.zip"

[[tools.opencode]]
version = "1.2.24"
backend = "aqua:anomalyco/opencode"

[tools.opencode."platforms.linux-arm64"]
checksum = "sha256:58507b98c2902fd819b9d2639594eec4f36e5708f114ba028b1c3e877bb5e47d"
url = "https://github.com/anomalyco/opencode/releases/download/v1.2.24/opencode-linux-arm64.tar.gz"

[tools.opencode."platforms.linux-arm64-musl"]
checksum = "sha256:58507b98c2902fd819b9d2639594eec4f36e5708f114ba028b1c3e877bb5e47d"
url = "https://github.com/anomalyco/opencode/releases/download/v1.2.24/opencode-linux-arm64.tar.gz"

[tools.opencode."platforms.linux-x64"]
checksum = "sha256:20644ef6b85975f0b49c3ea131c8d49cdee854419b3b8cfb24476e01787a871e"
url = "https://github.com/anomalyco/opencode/releases/download/v1.2.24/opencode-linux-x64.tar.gz"

[tools.opencode."platforms.linux-x64-baseline"]
checksum = "sha256:20644ef6b85975f0b49c3ea131c8d49cdee854419b3b8cfb24476e01787a871e"
url = "https://github.com/anomalyco/opencode/releases/download/v1.2.24/opencode-linux-x64.tar.gz"

[tools.opencode."platforms.linux-x64-musl"]
checksum = "sha256:20644ef6b85975f0b49c3ea131c8d49cdee854419b3b8cfb24476e01787a871e"
url = "https://github.com/anomalyco/opencode/releases/download/v1.2.24/opencode-linux-x64.tar.gz"

[tools.opencode."platforms.linux-x64-musl-baseline"]
checksum = "sha256:20644ef6b85975f0b49c3ea131c8d49cdee854419b3b8cfb24476e01787a871e"
url = "https://github.com/anomalyco/opencode/releases/download/v1.2.24/opencode-linux-x64.tar.gz"

[tools.opencode."platforms.macos-arm64"]
checksum = "sha256:858467155943c1030815047cbda2fd5074d1ba9309a00e5dd4585a19b3c4896e"
url = "https://github.com/anomalyco/opencode/releases/download/v1.2.24/opencode-darwin-arm64.zip"

[tools.opencode."platforms.macos-x64"]
checksum = "sha256:4de4662d20a8834d8f93e45965ff5fabfbc0f69f15eb4bb33f0742eced54e203"
url = "https://github.com/anomalyco/opencode/releases/download/v1.2.24/opencode-darwin-x64.zip"

[tools.opencode."platforms.macos-x64-baseline"]
checksum = "sha256:4de4662d20a8834d8f93e45965ff5fabfbc0f69f15eb4bb33f0742eced54e203"
url = "https://github.com/anomalyco/opencode/releases/download/v1.2.24/opencode-darwin-x64.zip"

[tools.opencode."platforms.windows-x64"]
checksum = "sha256:654be595baed57b6ed7747cc8813f505d55daad84458fe1f744d592d937fa0d3"
url = "https://github.com/anomalyco/opencode/releases/download/v1.2.24/opencode-windows-x64.zip"

[tools.opencode."platforms.windows-x64-baseline"]
checksum = "sha256:654be595baed57b6ed7747cc8813f505d55daad84458fe1f744d592d937fa0d3"
url = "https://github.com/anomalyco/opencode/releases/download/v1.2.24/opencode-windows-x64.zip"

[[tools.oxfmt]]
version = "0.40.0"
backend = "npm:oxfmt"

[[tools."pipx:pyprojectsort"]]
version = "0.4.0"
backend = "pipx:pyprojectsort"

[[tools.poetry]]
version = "2.1.1"
backend = "vfox:mise-plugins/vfox-poetry"

[[tools.python]]
version = "3.10.11"
backend = "core:python"

[tools.python."platforms.linux-arm64"]
checksum = "sha256:c7573fdb00239f86b22ea0e8e926ca881d24fde5e5890851339911d76110bc35"
url = "https://github.com/astral-sh/python-build-standalone/releases/download/20230507/cpython-3.10.11+20230507-aarch64-unknown-linux-gnu-install_only.tar.gz"

[tools.python."platforms.linux-arm64-musl"]
checksum = "sha256:c7573fdb00239f86b22ea0e8e926ca881d24fde5e5890851339911d76110bc35"
url = "https://github.com/astral-sh/python-build-standalone/releases/download/20230507/cpython-3.10.11+20230507-aarch64-unknown-linux-gnu-install_only.tar.gz"

[tools.python."platforms.linux-x64"]
checksum = "sha256:c5bcaac91bc80bfc29cf510669ecad12d506035ecb3ad85ef213416d54aecd79"
url = "https://github.com/astral-sh/python-build-standalone/releases/download/20230507/cpython-3.10.11+20230507-x86_64-unknown-linux-gnu-install_only.tar.gz"

[tools.python."platforms.linux-x64-baseline"]
checksum = "sha256:c5bcaac91bc80bfc29cf510669ecad12d506035ecb3ad85ef213416d54aecd79"
url = "https://github.com/astral-sh/python-build-standalone/releases/download/20230507/cpython-3.10.11+20230507-x86_64-unknown-linux-gnu-install_only.tar.gz"

[tools.python."platforms.linux-x64-musl"]
checksum = "sha256:c5bcaac91bc80bfc29cf510669ecad12d506035ecb3ad85ef213416d54aecd79"
url = "https://github.com/astral-sh/python-build-standalone/releases/download/20230507/cpython-3.10.11+20230507-x86_64-unknown-linux-gnu-install_only.tar.gz"

[tools.python."platforms.linux-x64-musl-baseline"]
checksum = "sha256:c5bcaac91bc80bfc29cf510669ecad12d506035ecb3ad85ef213416d54aecd79"
url = "https://github.com/astral-sh/python-build-standalone/releases/download/20230507/cpython-3.10.11+20230507-x86_64-unknown-linux-gnu-install_only.tar.gz"

[tools.python."platforms.macos-arm64"]
checksum = "sha256:8348bc3c2311f94ec63751fb71bd0108174be1c4def002773cf519ee1506f96f"
url = "https://github.com/astral-sh/python-build-standalone/releases/download/20230507/cpython-3.10.11+20230507-aarch64-apple-darwin-install_only.tar.gz"

[tools.python."platforms.macos-x64"]
checksum = "sha256:bd3fc6e4da6f4033ebf19d66704e73b0804c22641ddae10bbe347c48f82374ad"
url = "https://github.com/astral-sh/python-build-standalone/releases/download/20230507/cpython-3.10.11+20230507-x86_64-apple-darwin-install_only.tar.gz"

[tools.python."platforms.macos-x64-baseline"]
checksum = "sha256:bd3fc6e4da6f4033ebf19d66704e73b0804c22641ddae10bbe347c48f82374ad"
url = "https://github.com/astral-sh/python-build-standalone/releases/download/20230507/cpython-3.10.11+20230507-x86_64-apple-darwin-install_only.tar.gz"

[tools.python."platforms.windows-x64"]
checksum = "sha256:9c2d3604a06fcd422289df73015cd00e7271d90de28d2c910f0e2309a7f73a68"
url = "https://github.com/astral-sh/python-build-standalone/releases/download/20230507/cpython-3.10.11+20230507-x86_64-pc-windows-msvc-shared-install_only.tar.gz"

[tools.python."platforms.windows-x64-baseline"]
checksum = "sha256:9c2d3604a06fcd422289df73015cd00e7271d90de28d2c910f0e2309a7f73a68"
url = "https://github.com/astral-sh/python-build-standalone/releases/download/20230507/cpython-3.10.11+20230507-x86_64-pc-windows-msvc-shared-install_only.tar.gz"

[[tools.ruff]]
version = "0.15.8"
backend = "aqua:astral-sh/ruff"

[[tools.shfmt]]
version = "3.13.0"
backend = "aqua:mvdan/sh"

[[tools.uv]]
version = "0.11.2"
backend = "aqua:astral-sh/uv"
