lockfileVersion: '9.0'

settings:
  autoInstallPeers: true
  excludeLinksFromLockfile: false

importers:

  .:
    dependencies:
      ts-deepmerge:
        specifier: ^7.0.3
        version: 7.0.3

packages:

  ts-deepmerge@7.0.3:
    resolution: {integrity: sha512-Du/ZW2RfwV/D4cmA5rXafYjBQVuvu4qGiEEla4EmEHVHgRdx68Gftx7i66jn2bzHPwSVZY36Ae6OuDn9el4ZKA==}
    engines: {node: '>=14.13.1'}

snapshots:

  ts-deepmerge@7.0.3: {}
